// !$*UTF8*$!
{
	archiveVersion = 1;
	classes = {
	};
	objectVersion = 46;
	objects = {

/* Begin PBXBuildFile section */
		AF6914891F23A89A002ECC50 /* Auth0.plist in Resources */ = {isa = PBXBuildFile; fileRef = AF6914881F23A89A002ECC50 /* Auth0.plist */; };
		AF69148B1F23AA2D002ECC50 /* AlertController+Convenience.swift in Sources */ = {isa = PBXBuildFile; fileRef = AF69148A1F23AA2D002ECC50 /* AlertController+Convenience.swift */; };
		AF69148F1F23AA50002ECC50 /* HomeViewController.swift in Sources */ = {isa = PBXBuildFile; fileRef = AF69148C1F23AA50002ECC50 /* HomeViewController.swift */; };
		AF6914901F23AA50002ECC50 /* ProfileViewController.swift in Sources */ = {isa = PBXBuildFile; fileRef = AF69148D1F23AA50002ECC50 /* ProfileViewController.swift */; };
		AF6914911F23AA50002ECC50 /* UserIdentitiesViewController.swift in Sources */ = {isa = PBXBuildFile; fileRef = AF69148E1F23AA50002ECC50 /* UserIdentitiesViewController.swift */; };
		AF6914931F23AA57002ECC50 /* UserIdentityCell.swift in Sources */ = {isa = PBXBuildFile; fileRef = AF6914921F23AA57002ECC50 /* UserIdentityCell.swift */; };
		AF6914951F23B4EF002ECC50 /* NotesViewController.swift in Sources */ = {isa = PBXBuildFile; fileRef = AF6914941F23B4EF002ECC50 /* NotesViewController.swift */; };
		AFADC0F31F23A2AD00B56236 /* AppDelegate.swift in Sources */ = {isa = PBXBuildFile; fileRef = AFADC0F21F23A2AD00B56236 /* AppDelegate.swift */; };
		AFADC0F81F23A2AD00B56236 /* Main.storyboard in Resources */ = {isa = PBXBuildFile; fileRef = AFADC0F61F23A2AD00B56236 /* Main.storyboard */; };
		AFADC0FB1F23A2AD00B56236 /* SmartNotes.xcdatamodeld in Sources */ = {isa = PBXBuildFile; fileRef = AFADC0F91F23A2AD00B56236 /* SmartNotes.xcdatamodeld */; };
		AFADC0FD1F23A2AD00B56236 /* Assets.xcassets in Resources */ = {isa = PBXBuildFile; fileRef = AFADC0FC1F23A2AD00B56236 /* Assets.xcassets */; };
		AFADC1001F23A2AD00B56236 /* LaunchScreen.storyboard in Resources */ = {isa = PBXBuildFile; fileRef = AFADC0FE1F23A2AD00B56236 /* LaunchScreen.storyboard */; };
		AFDD46D41F23A79A00D66187 /* CoreDataStack.swift in Sources */ = {isa = PBXBuildFile; fileRef = AFDD46D31F23A79A00D66187 /* CoreDataStack.swift */; };
		AFDD46D61F23A7E600D66187 /* SessionManager.swift in Sources */ = {isa = PBXBuildFile; fileRef = AFDD46D51F23A7E600D66187 /* SessionManager.swift */; };
		CA38D7819D6C055CC397CBC2 /* Pods_SmartNotes.framework in Frameworks */ = {isa = PBXBuildFile; fileRef = A9BCF879F03F9A6D4D3B3C29 /* Pods_SmartNotes.framework */; };
/* End PBXBuildFile section */

/* Begin PBXFileReference section */
		47DB21EA7B9823359A173353 /* Pods-SmartNotes.debug.xcconfig */ = {isa = PBXFileReference; includeInIndex = 1; lastKnownFileType = text.xcconfig; name = "Pods-SmartNotes.debug.xcconfig"; path = "Pods/Target Support Files/Pods-SmartNotes/Pods-SmartNotes.debug.xcconfig"; sourceTree = "<group>"; };
		A9BCF879F03F9A6D4D3B3C29 /* Pods_SmartNotes.framework */ = {isa = PBXFileReference; explicitFileType = wrapper.framework; includeInIndex = 0; path = Pods_SmartNotes.framework; sourceTree = BUILT_PRODUCTS_DIR; };
		AF6914881F23A89A002ECC50 /* Auth0.plist */ = {isa = PBXFileReference; fileEncoding = 4; lastKnownFileType = text.plist.xml; path = Auth0.plist; sourceTree = "<group>"; };
		AF69148A1F23AA2D002ECC50 /* AlertController+Convenience.swift */ = {isa = PBXFileReference; fileEncoding = 4; lastKnownFileType = sourcecode.swift; path = "AlertController+Convenience.swift"; sourceTree = "<group>"; };
		AF69148C1F23AA50002ECC50 /* HomeViewController.swift */ = {isa = PBXFileReference; fileEncoding = 4; lastKnownFileType = sourcecode.swift; path = HomeViewController.swift; sourceTree = "<group>"; };
		AF69148D1F23AA50002ECC50 /* ProfileViewController.swift */ = {isa = PBXFileReference; fileEncoding = 4; lastKnownFileType = sourcecode.swift; path = ProfileViewController.swift; sourceTree = "<group>"; };
		AF69148E1F23AA50002ECC50 /* UserIdentitiesViewController.swift */ = {isa = PBXFileReference; fileEncoding = 4; lastKnownFileType = sourcecode.swift; path = UserIdentitiesViewController.swift; sourceTree = "<group>"; };
		AF6914921F23AA57002ECC50 /* UserIdentityCell.swift */ = {isa = PBXFileReference; fileEncoding = 4; lastKnownFileType = sourcecode.swift; path = UserIdentityCell.swift; sourceTree = "<group>"; };
		AF6914941F23B4EF002ECC50 /* NotesViewController.swift */ = {isa = PBXFileReference; fileEncoding = 4; lastKnownFileType = sourcecode.swift; path = NotesViewController.swift; sourceTree = "<group>"; };
		AFADC0EF1F23A2AD00B56236 /* SmartNotes.app */ = {isa = PBXFileReference; explicitFileType = wrapper.application; includeInIndex = 0; path = SmartNotes.app; sourceTree = BUILT_PRODUCTS_DIR; };
		AFADC0F21F23A2AD00B56236 /* AppDelegate.swift */ = {isa = PBXFileReference; lastKnownFileType = sourcecode.swift; path = AppDelegate.swift; sourceTree = "<group>"; };
		AFADC0F71F23A2AD00B56236 /* Base */ = {isa = PBXFileReference; lastKnownFileType = file.storyboard; name = Base; path = Base.lproj/Main.storyboard; sourceTree = "<group>"; };
		AFADC0FA1F23A2AD00B56236 /* SmartNotes.xcdatamodel */ = {isa = PBXFileReference; lastKnownFileType = wrapper.xcdatamodel; path = SmartNotes.xcdatamodel; sourceTree = "<group>"; };
		AFADC0FC1F23A2AD00B56236 /* Assets.xcassets */ = {isa = PBXFileReference; lastKnownFileType = folder.assetcatalog; path = Assets.xcassets; sourceTree = "<group>"; };
		AFADC0FF1F23A2AD00B56236 /* Base */ = {isa = PBXFileReference; lastKnownFileType = file.storyboard; name = Base; path = Base.lproj/LaunchScreen.storyboard; sourceTree = "<group>"; };
		AFADC1011F23A2AD00B56236 /* Info.plist */ = {isa = PBXFileReference; lastKnownFileType = text.plist.xml; path = Info.plist; sourceTree = "<group>"; };
		AFDD46D31F23A79A00D66187 /* CoreDataStack.swift */ = {isa = PBXFileReference; fileEncoding = 4; lastKnownFileType = sourcecode.swift; path = CoreDataStack.swift; sourceTree = "<group>"; };
		AFDD46D51F23A7E600D66187 /* SessionManager.swift */ = {isa = PBXFileReference; fileEncoding = 4; lastKnownFileType = sourcecode.swift; path = SessionManager.swift; sourceTree = "<group>"; };
		C34F2C00988A742D33945324 /* Pods-SmartNotes.release.xcconfig */ = {isa = PBXFileReference; includeInIndex = 1; lastKnownFileType = text.xcconfig; name = "Pods-SmartNotes.release.xcconfig"; path = "Pods/Target Support Files/Pods-SmartNotes/Pods-SmartNotes.release.xcconfig"; sourceTree = "<group>"; };
/* End PBXFileReference section */

/* Begin PBXFrameworksBuildPhase section */
		AFADC0EC1F23A2AD00B56236 /* Frameworks */ = {
			isa = PBXFrameworksBuildPhase;
			buildActionMask = 2147483647;
			files = (
				CA38D7819D6C055CC397CBC2 /* Pods_SmartNotes.framework in Frameworks */,
			);
			runOnlyForDeploymentPostprocessing = 0;
		};
/* End PBXFrameworksBuildPhase section */

/* Begin PBXGroup section */
		AF6914861F23A81D002ECC50 /* Client */ = {
			isa = PBXGroup;
			children = (
				AF6914871F23A82A002ECC50 /* Auth */,
			);
			name = Client;
			sourceTree = "<group>";
		};
		AF6914871F23A82A002ECC50 /* Auth */ = {
			isa = PBXGroup;
			children = (
				AFDD46D51F23A7E600D66187 /* SessionManager.swift */,
			);
			name = Auth;
			sourceTree = "<group>";
		};
		AFADC0E61F23A2AD00B56236 = {
			isa = PBXGroup;
			children = (
				AFADC0F11F23A2AD00B56236 /* SmartNotes */,
				AFADC0F01F23A2AD00B56236 /* Products */,
				D8649BE3D990441F7C23A7A6 /* Pods */,
				C4838B7DF2D9E9750E1C32DE /* Frameworks */,
			);
			sourceTree = "<group>";
		};
		AFADC0F01F23A2AD00B56236 /* Products */ = {
			isa = PBXGroup;
			children = (
				AFADC0EF1F23A2AD00B56236 /* SmartNotes.app */,
			);
			name = Products;
			sourceTree = "<group>";
		};
		AFADC0F11F23A2AD00B56236 /* SmartNotes */ = {
			isa = PBXGroup;
			children = (
				AFDD46CF1F23A75D00D66187 /* Controller */,
				AFDD46D21F23A78600D66187 /* Model */,
				AFDD46D11F23A77600D66187 /* Supporting Files */,
				AFDD46D01F23A76D00D66187 /* View */,
			);
			path = SmartNotes;
			sourceTree = "<group>";
		};
		AFDD46CF1F23A75D00D66187 /* Controller */ = {
			isa = PBXGroup;
			children = (
				AF69148A1F23AA2D002ECC50 /* AlertController+Convenience.swift */,
				AF69148C1F23AA50002ECC50 /* HomeViewController.swift */,
				AF69148D1F23AA50002ECC50 /* ProfileViewController.swift */,
				AF69148E1F23AA50002ECC50 /* UserIdentitiesViewController.swift */,
				AF6914941F23B4EF002ECC50 /* NotesViewController.swift */,
			);
			name = Controller;
			sourceTree = "<group>";
		};
		AFDD46D01F23A76D00D66187 /* View */ = {
			isa = PBXGroup;
			children = (
				AF6914921F23AA57002ECC50 /* UserIdentityCell.swift */,
				AFADC0F61F23A2AD00B56236 /* Main.storyboard */,
				AFADC0FE1F23A2AD00B56236 /* LaunchScreen.storyboard */,
			);
			name = View;
			sourceTree = "<group>";
		};
		AFDD46D11F23A77600D66187 /* Supporting Files */ = {
			isa = PBXGroup;
			children = (
				AFADC0F21F23A2AD00B56236 /* AppDelegate.swift */,
				AF6914881F23A89A002ECC50 /* Auth0.plist */,
				AFADC0FC1F23A2AD00B56236 /* Assets.xcassets */,
				AFADC1011F23A2AD00B56236 /* Info.plist */,
			);
			name = "Supporting Files";
			sourceTree = "<group>";
		};
		AFDD46D21F23A78600D66187 /* Model */ = {
			isa = PBXGroup;
			children = (
				AFADC0F91F23A2AD00B56236 /* SmartNotes.xcdatamodeld */,
				AFDD46D31F23A79A00D66187 /* CoreDataStack.swift */,
				AF6914861F23A81D002ECC50 /* Client */,
			);
			name = Model;
			sourceTree = "<group>";
		};
		C4838B7DF2D9E9750E1C32DE /* Frameworks */ = {
			isa = PBXGroup;
			children = (
				A9BCF879F03F9A6D4D3B3C29 /* Pods_SmartNotes.framework */,
			);
			name = Frameworks;
			sourceTree = "<group>";
		};
		D8649BE3D990441F7C23A7A6 /* Pods */ = {
			isa = PBXGroup;
			children = (
				47DB21EA7B9823359A173353 /* Pods-SmartNotes.debug.xcconfig */,
				C34F2C00988A742D33945324 /* Pods-SmartNotes.release.xcconfig */,
			);
			name = Pods;
			sourceTree = "<group>";
		};
/* End PBXGroup section */

/* Begin PBXNativeTarget section */
		AFADC0EE1F23A2AD00B56236 /* SmartNotes */ = {
			isa = PBXNativeTarget;
			buildConfigurationList = AFADC1041F23A2AD00B56236 /* Build configuration list for PBXNativeTarget "SmartNotes" */;
			buildPhases = (
				0630F3927D91FF54692B5A80 /* [CP] Check Pods Manifest.lock */,
				AFADC0EB1F23A2AD00B56236 /* Sources */,
				AFADC0EC1F23A2AD00B56236 /* Frameworks */,
				AFADC0ED1F23A2AD00B56236 /* Resources */,
				E3B3E8DFD7DEAAA203805B50 /* [CP] Embed Pods Frameworks */,
				2DDC12DB85CFA1F928670434 /* [CP] Copy Pods Resources */,
			);
			buildRules = (
			);
			dependencies = (
			);
			name = SmartNotes;
			productName = SmartNotes;
			productReference = AFADC0EF1F23A2AD00B56236 /* SmartNotes.app */;
			productType = "com.apple.product-type.application";
		};
/* End PBXNativeTarget section */

/* Begin PBXProject section */
		AFADC0E71F23A2AD00B56236 /* Project object */ = {
			isa = PBXProject;
			attributes = {
				LastSwiftUpdateCheck = 0830;
				LastUpgradeCheck = 0830;
				ORGANIZATIONNAME = "Mitchell Murphy";
				TargetAttributes = {
					AFADC0EE1F23A2AD00B56236 = {
						CreatedOnToolsVersion = 8.3.3;
						DevelopmentTeam = CDLR95E4T8;
						ProvisioningStyle = Automatic;
					};
				};
			};
			buildConfigurationList = AFADC0EA1F23A2AD00B56236 /* Build configuration list for PBXProject "SmartNotes" */;
			compatibilityVersion = "Xcode 3.2";
			developmentRegion = English;
			hasScannedForEncodings = 0;
			knownRegions = (
				en,
				Base,
			);
			mainGroup = AFADC0E61F23A2AD00B56236;
			productRefGroup = AFADC0F01F23A2AD00B56236 /* Products */;
			projectDirPath = "";
			projectRoot = "";
			targets = (
				AFADC0EE1F23A2AD00B56236 /* SmartNotes */,
			);
		};
/* End PBXProject section */

/* Begin PBXResourcesBuildPhase section */
		AFADC0ED1F23A2AD00B56236 /* Resources */ = {
			isa = PBXResourcesBuildPhase;
			buildActionMask = 2147483647;
			files = (
				AFADC1001F23A2AD00B56236 /* LaunchScreen.storyboard in Resources */,
				AFADC0FD1F23A2AD00B56236 /* Assets.xcassets in Resources */,
				AFADC0F81F23A2AD00B56236 /* Main.storyboard in Resources */,
				AF6914891F23A89A002ECC50 /* Auth0.plist in Resources */,
			);
			runOnlyForDeploymentPostprocessing = 0;
		};
/* End PBXResourcesBuildPhase section */

/* Begin PBXShellScriptBuildPhase section */
		0630F3927D91FF54692B5A80 /* [CP] Check Pods Manifest.lock */ = {
			isa = PBXShellScriptBuildPhase;
			buildActionMask = 2147483647;
			files = (
			);
			inputPaths = (
			);
			name = "[CP] Check Pods Manifest.lock";
			outputPaths = (
			);
			runOnlyForDeploymentPostprocessing = 0;
			shellPath = /bin/sh;
			shellScript = "diff \"${PODS_ROOT}/../Podfile.lock\" \"${PODS_ROOT}/Manifest.lock\" > /dev/null\nif [ $? != 0 ] ; then\n    # print error to STDERR\n    echo \"error: The sandbox is not in sync with the Podfile.lock. Run 'pod install' or update your CocoaPods installation.\" >&2\n    exit 1\nfi\n";
			showEnvVarsInLog = 0;
		};
		2DDC12DB85CFA1F928670434 /* [CP] Copy Pods Resources */ = {
			isa = PBXShellScriptBuildPhase;
			buildActionMask = 2147483647;
			files = (
			);
			inputPaths = (
			);
			name = "[CP] Copy Pods Resources";
			outputPaths = (
			);
			runOnlyForDeploymentPostprocessing = 0;
			shellPath = /bin/sh;
			shellScript = "\"${SRCROOT}/Pods/Target Support Files/Pods-SmartNotes/Pods-SmartNotes-resources.sh\"\n";
			showEnvVarsInLog = 0;
		};
		E3B3E8DFD7DEAAA203805B50 /* [CP] Embed Pods Frameworks */ = {
			isa = PBXShellScriptBuildPhase;
			buildActionMask = 2147483647;
			files = (
			);
			inputPaths = (
			);
			name = "[CP] Embed Pods Frameworks";
			outputPaths = (
			);
			runOnlyForDeploymentPostprocessing = 0;
			shellPath = /bin/sh;
			shellScript = "\"${SRCROOT}/Pods/Target Support Files/Pods-SmartNotes/Pods-SmartNotes-frameworks.sh\"\n";
			showEnvVarsInLog = 0;
		};
/* End PBXShellScriptBuildPhase section */

/* Begin PBXSourcesBuildPhase section */
		AFADC0EB1F23A2AD00B56236 /* Sources */ = {
			isa = PBXSourcesBuildPhase;
			buildActionMask = 2147483647;
			files = (
				AF6914931F23AA57002ECC50 /* UserIdentityCell.swift in Sources */,
				AF69148B1F23AA2D002ECC50 /* AlertController+Convenience.swift in Sources */,
				AF6914911F23AA50002ECC50 /* UserIdentitiesViewController.swift in Sources */,
				AFADC0FB1F23A2AD00B56236 /* SmartNotes.xcdatamodeld in Sources */,
				AFADC0F31F23A2AD00B56236 /* AppDelegate.swift in Sources */,
				AFDD46D61F23A7E600D66187 /* SessionManager.swift in Sources */,
				AF6914951F23B4EF002ECC50 /* NotesViewController.swift in Sources */,
				AF69148F1F23AA50002ECC50 /* HomeViewController.swift in Sources */,
				AF6914901F23AA50002ECC50 /* ProfileViewController.swift in Sources */,
				AFDD46D41F23A79A00D66187 /* CoreDataStack.swift in Sources */,
			);
			runOnlyForDeploymentPostprocessing = 0;
		};
/* End PBXSourcesBuildPhase section */

/* Begin PBXVariantGroup section */
		AFADC0F61F23A2AD00B56236 /* Main.storyboard */ = {
			isa = PBXVariantGroup;
			children = (
				AFADC0F71F23A2AD00B56236 /* Base */,
			);
			name = Main.storyboard;
			sourceTree = "<group>";
		};
		AFADC0FE1F23A2AD00B56236 /* LaunchScreen.storyboard */ = {
			isa = PBXVariantGroup;
			children = (
				AFADC0FF1F23A2AD00B56236 /* Base */,
			);
			name = LaunchScreen.storyboard;
			sourceTree = "<group>";
		};
/* End PBXVariantGroup section */

/* Begin XCBuildConfiguration section */
		AFADC1021F23A2AD00B56236 /* Debug */ = {
			isa = XCBuildConfiguration;
			buildSettings = {
				ALWAYS_SEARCH_USER_PATHS = NO;
				CLANG_ANALYZER_NONNULL = YES;
				CLANG_ANALYZER_NUMBER_OBJECT_CONVERSION = YES_AGGRESSIVE;
				CLANG_CXX_LANGUAGE_STANDARD = "gnu++0x";
				CLANG_CXX_LIBRARY = "libc++";
				CLANG_ENABLE_MODULES = YES;
				CLANG_ENABLE_OBJC_ARC = YES;
				CLANG_WARN_BOOL_CONVERSION = YES;
				CLANG_WARN_CONSTANT_CONVERSION = YES;
				CLANG_WARN_DIRECT_OBJC_ISA_USAGE = YES_ERROR;
				CLANG_WARN_DOCUMENTATION_COMMENTS = YES;
				CLANG_WARN_EMPTY_BODY = YES;
				CLANG_WARN_ENUM_CONVERSION = YES;
				CLANG_WARN_INFINITE_RECURSION = YES;
				CLANG_WARN_INT_CONVERSION = YES;
				CLANG_WARN_OBJC_ROOT_CLASS = YES_ERROR;
				CLANG_WARN_SUSPICIOUS_MOVE = YES;
				CLANG_WARN_UNREACHABLE_CODE = YES;
				CLANG_WARN__DUPLICATE_METHOD_MATCH = YES;
				"CODE_SIGN_IDENTITY[sdk=iphoneos*]" = "iPhone Developer";
				COPY_PHASE_STRIP = NO;
				DEBUG_INFORMATION_FORMAT = dwarf;
				ENABLE_STRICT_OBJC_MSGSEND = YES;
				ENABLE_TESTABILITY = YES;
				GCC_C_LANGUAGE_STANDARD = gnu99;
				GCC_DYNAMIC_NO_PIC = NO;
				GCC_NO_COMMON_BLOCKS = YES;
				GCC_OPTIMIZATION_LEVEL = 0;
				GCC_PREPROCESSOR_DEFINITIONS = (
					"DEBUG=1",
					"$(inherited)",
				);
				GCC_WARN_64_TO_32_BIT_CONVERSION = YES;
				GCC_WARN_ABOUT_RETURN_TYPE = YES_ERROR;
				GCC_WARN_UNDECLARED_SELECTOR = YES;
				GCC_WARN_UNINITIALIZED_AUTOS = YES_AGGRESSIVE;
				GCC_WARN_UNUSED_FUNCTION = YES;
				GCC_WARN_UNUSED_VARIABLE = YES;
				IPHONEOS_DEPLOYMENT_TARGET = 10.3;
				MTL_ENABLE_DEBUG_INFO = YES;
				ONLY_ACTIVE_ARCH = YES;
				SDKROOT = iphoneos;
				SWIFT_ACTIVE_COMPILATION_CONDITIONS = DEBUG;
				SWIFT_OPTIMIZATION_LEVEL = "-Onone";
			};
			name = Debug;
		};
		AFADC1031F23A2AD00B56236 /* Release */ = {
			isa = XCBuildConfiguration;
			buildSettings = {
				ALWAYS_SEARCH_USER_PATHS = NO;
				CLANG_ANALYZER_NONNULL = YES;
				CLANG_ANALYZER_NUMBER_OBJECT_CONVERSION = YES_AGGRESSIVE;
				CLANG_CXX_LANGUAGE_STANDARD = "gnu++0x";
				CLANG_CXX_LIBRARY = "libc++";
				CLANG_ENABLE_MODULES = YES;
				CLANG_ENABLE_OBJC_ARC = YES;
				CLANG_WARN_BOOL_CONVERSION = YES;
				CLANG_WARN_CONSTANT_CONVERSION = YES;
				CLANG_WARN_DIRECT_OBJC_ISA_USAGE = YES_ERROR;
				CLANG_WARN_DOCUMENTATION_COMMENTS = YES;
				CLANG_WARN_EMPTY_BODY = YES;
				CLANG_WARN_ENUM_CONVERSION = YES;
				CLANG_WARN_INFINITE_RECURSION = YES;
				CLANG_WARN_INT_CONVERSION = YES;
				CLANG_WARN_OBJC_ROOT_CLASS = YES_ERROR;
				CLANG_WARN_SUSPICIOUS_MOVE = YES;
				CLANG_WARN_UNREACHABLE_CODE = YES;
				CLANG_WARN__DUPLICATE_METHOD_MATCH = YES;
				"CODE_SIGN_IDENTITY[sdk=iphoneos*]" = "iPhone Developer";
				COPY_PHASE_STRIP = NO;
				DEBUG_INFORMATION_FORMAT = "dwarf-with-dsym";
				ENABLE_NS_ASSERTIONS = NO;
				ENABLE_STRICT_OBJC_MSGSEND = YES;
				GCC_C_LANGUAGE_STANDARD = gnu99;
				GCC_NO_COMMON_BLOCKS = YES;
				GCC_WARN_64_TO_32_BIT_CONVERSION = YES;
				GCC_WARN_ABOUT_RETURN_TYPE = YES_ERROR;
				GCC_WARN_UNDECLARED_SELECTOR = YES;
				GCC_WARN_UNINITIALIZED_AUTOS = YES_AGGRESSIVE;
				GCC_WARN_UNUSED_FUNCTION = YES;
				GCC_WARN_UNUSED_VARIABLE = YES;
				IPHONEOS_DEPLOYMENT_TARGET = 10.3;
				MTL_ENABLE_DEBUG_INFO = NO;
				SDKROOT = iphoneos;
				SWIFT_OPTIMIZATION_LEVEL = "-Owholemodule";
				VALIDATE_PRODUCT = YES;
			};
			name = Release;
		};
		AFADC1051F23A2AD00B56236 /* Debug */ = {
			isa = XCBuildConfiguration;
			baseConfigurationReference = 47DB21EA7B9823359A173353 /* Pods-SmartNotes.debug.xcconfig */;
			buildSettings = {
				ASSETCATALOG_COMPILER_APPICON_NAME = AppIcon;
				DEVELOPMENT_TEAM = CDLR95E4T8;
				INFOPLIST_FILE = SmartNotes/Info.plist;
				LD_RUNPATH_SEARCH_PATHS = "$(inherited) @executable_path/Frameworks";
				PRODUCT_BUNDLE_IDENTIFIER = smigula.SmartNotes;
				PRODUCT_NAME = "$(TARGET_NAME)";
				SWIFT_VERSION = 3.0;
			};
			name = Debug;
		};
		AFADC1061F23A2AD00B56236 /* Release */ = {
			isa = XCBuildConfiguration;
			baseConfigurationReference = C34F2C00988A742D33945324 /* Pods-SmartNotes.release.xcconfig */;
			buildSettings = {
				ASSETCATALOG_COMPILER_APPICON_NAME = AppIcon;
				DEVELOPMENT_TEAM = CDLR95E4T8;
				INFOPLIST_FILE = SmartNotes/Info.plist;
				LD_RUNPATH_SEARCH_PATHS = "$(inherited) @executable_path/Frameworks";
				PRODUCT_BUNDLE_IDENTIFIER = smigula.SmartNotes;
				PRODUCT_NAME = "$(TARGET_NAME)";
				SWIFT_VERSION = 3.0;
			};
			name = Release;
		};
/* End XCBuildConfiguration section */

/* Begin XCConfigurationList section */
		AFADC0EA1F23A2AD00B56236 /* Build configuration list for PBXProject "SmartNotes" */ = {
			isa = XCConfigurationList;
			buildConfigurations = (
				AFADC1021F23A2AD00B56236 /* Debug */,
				AFADC1031F23A2AD00B56236 /* Release */,
			);
			defaultConfigurationIsVisible = 0;
			defaultConfigurationName = Release;
		};
		AFADC1041F23A2AD00B56236 /* Build configuration list for PBXNativeTarget "SmartNotes" */ = {
			isa = XCConfigurationList;
			buildConfigurations = (
				AFADC1051F23A2AD00B56236 /* Debug */,
				AFADC1061F23A2AD00B56236 /* Release */,
			);
			defaultConfigurationIsVisible = 0;
			defaultConfigurationName = Release;
		};
/* End XCConfigurationList section */

/* Begin XCVersionGroup section */
		AFADC0F91F23A2AD00B56236 /* SmartNotes.xcdatamodeld */ = {
			isa = XCVersionGroup;
			children = (
				AFADC0FA1F23A2AD00B56236 /* SmartNotes.xcdatamodel */,
			);
			currentVersion = AFADC0FA1F23A2AD00B56236 /* SmartNotes.xcdatamodel */;
			path = SmartNotes.xcdatamodeld;
			sourceTree = "<group>";
			versionGroupType = wrapper.xcdatamodel;
		};
/* End XCVersionGroup section */
	};
	rootObject = AFADC0E71F23A2AD00B56236 /* Project object */;
}
